// !$*UTF8*$!
{
	archiveVersion = 1;
	classes = {
	};
	objectVersion = 50;
	objects = {

/* Begin PBXBuildFile section */
		A4059A8123483132007C04A4 /* AppDelegate.swift in Sources */ = {isa = PBXBuildFile; fileRef = A4059A8023483132007C04A4 /* AppDelegate.swift */; };
		A4059A8323483132007C04A4 /* SceneDelegate.swift in Sources */ = {isa = PBXBuildFile; fileRef = A4059A8223483132007C04A4 /* SceneDelegate.swift */; };
		A4059A8523483132007C04A4 /* ViewController.swift in Sources */ = {isa = PBXBuildFile; fileRef = A4059A8423483132007C04A4 /* ViewController.swift */; };
		A4059A8823483132007C04A4 /* Main.storyboard in Resources */ = {isa = PBXBuildFile; fileRef = A4059A8623483132007C04A4 /* Main.storyboard */; };
		A4059A8A23483132007C04A4 /* Assets.xcassets in Resources */ = {isa = PBXBuildFile; fileRef = A4059A8923483132007C04A4 /* Assets.xcassets */; };
		A4059A8D23483132007C04A4 /* LaunchScreen.storyboard in Resources */ = {isa = PBXBuildFile; fileRef = A4059A8B23483132007C04A4 /* LaunchScreen.storyboard */; };
		A4C197AC23496004003253F4 /* QuizDataSource.swift in Sources */ = {isa = PBXBuildFile; fileRef = A4C197AB23496004003253F4 /* QuizDataSource.swift */; };
		A4C197AE2349607A003253F4 /* QuizRepository.swift in Sources */ = {isa = PBXBuildFile; fileRef = A4C197AD2349607A003253F4 /* QuizRepository.swift */; };
		A4C197B0234960ED003253F4 /* RightWords.swift in Sources */ = {isa = PBXBuildFile; fileRef = A4C197AF234960ED003253F4 /* RightWords.swift */; };
		A4C197B523496335003253F4 /* RightWordsResponse.swift in Sources */ = {isa = PBXBuildFile; fileRef = A4C197B423496335003253F4 /* RightWordsResponse.swift */; };
		A4C197B7234963A4003253F4 /* QuizRemoteDataSource.swift in Sources */ = {isa = PBXBuildFile; fileRef = A4C197B6234963A4003253F4 /* QuizRemoteDataSource.swift */; };
		A4C197B923496852003253F4 /* RuntimeError.swift in Sources */ = {isa = PBXBuildFile; fileRef = A4C197B823496852003253F4 /* RuntimeError.swift */; };
		A4C197BB23496D2A003253F4 /* QuizViewModel.swift in Sources */ = {isa = PBXBuildFile; fileRef = A4C197BA23496D2A003253F4 /* QuizViewModel.swift */; };
/* End PBXBuildFile section */

/* Begin PBXFileReference section */
		A4059A7D23483132007C04A4 /* Quiz_Challenge.app */ = {isa = PBXFileReference; explicitFileType = wrapper.application; includeInIndex = 0; path = Quiz_Challenge.app; sourceTree = BUILT_PRODUCTS_DIR; };
		A4059A8023483132007C04A4 /* AppDelegate.swift */ = {isa = PBXFileReference; lastKnownFileType = sourcecode.swift; path = AppDelegate.swift; sourceTree = "<group>"; };
		A4059A8223483132007C04A4 /* SceneDelegate.swift */ = {isa = PBXFileReference; lastKnownFileType = sourcecode.swift; path = SceneDelegate.swift; sourceTree = "<group>"; };
		A4059A8423483132007C04A4 /* ViewController.swift */ = {isa = PBXFileReference; lastKnownFileType = sourcecode.swift; path = ViewController.swift; sourceTree = "<group>"; };
		A4059A8723483132007C04A4 /* Base */ = {isa = PBXFileReference; lastKnownFileType = file.storyboard; name = Base; path = Base.lproj/Main.storyboard; sourceTree = "<group>"; };
		A4059A8923483132007C04A4 /* Assets.xcassets */ = {isa = PBXFileReference; lastKnownFileType = folder.assetcatalog; path = Assets.xcassets; sourceTree = "<group>"; };
		A4059A8C23483132007C04A4 /* Base */ = {isa = PBXFileReference; lastKnownFileType = file.storyboard; name = Base; path = Base.lproj/LaunchScreen.storyboard; sourceTree = "<group>"; };
		A4059A8E23483132007C04A4 /* Info.plist */ = {isa = PBXFileReference; lastKnownFileType = text.plist.xml; path = Info.plist; sourceTree = "<group>"; };
		A4C197AB23496004003253F4 /* QuizDataSource.swift */ = {isa = PBXFileReference; lastKnownFileType = sourcecode.swift; path = QuizDataSource.swift; sourceTree = "<group>"; };
		A4C197AD2349607A003253F4 /* QuizRepository.swift */ = {isa = PBXFileReference; lastKnownFileType = sourcecode.swift; path = QuizRepository.swift; sourceTree = "<group>"; };
		A4C197AF234960ED003253F4 /* RightWords.swift */ = {isa = PBXFileReference; lastKnownFileType = sourcecode.swift; path = RightWords.swift; sourceTree = "<group>"; };
		A4C197B423496335003253F4 /* RightWordsResponse.swift */ = {isa = PBXFileReference; lastKnownFileType = sourcecode.swift; path = RightWordsResponse.swift; sourceTree = "<group>"; };
		A4C197B6234963A4003253F4 /* QuizRemoteDataSource.swift */ = {isa = PBXFileReference; lastKnownFileType = sourcecode.swift; path = QuizRemoteDataSource.swift; sourceTree = "<group>"; };
		A4C197B823496852003253F4 /* RuntimeError.swift */ = {isa = PBXFileReference; lastKnownFileType = sourcecode.swift; path = RuntimeError.swift; sourceTree = "<group>"; };
		A4C197BA23496D2A003253F4 /* QuizViewModel.swift */ = {isa = PBXFileReference; lastKnownFileType = sourcecode.swift; path = QuizViewModel.swift; sourceTree = "<group>"; };
/* End PBXFileReference section */

/* Begin PBXFrameworksBuildPhase section */
		A4059A7A23483132007C04A4 /* Frameworks */ = {
			isa = PBXFrameworksBuildPhase;
			buildActionMask = 2147483647;
			files = (
			);
			runOnlyForDeploymentPostprocessing = 0;
		};
/* End PBXFrameworksBuildPhase section */

/* Begin PBXGroup section */
		A40535B023491C3B00EEC1AB /* DataSource */ = {
			isa = PBXGroup;
			children = (
				A4C197B1234962C0003253F4 /* Source */,
				A4C197AB23496004003253F4 /* QuizDataSource.swift */,
				A4C197AD2349607A003253F4 /* QuizRepository.swift */,
			);
			path = DataSource;
			sourceTree = "<group>";
		};
		A40535B123491C5300EEC1AB /* Features */ = {
			isa = PBXGroup;
			children = (
				A40535B323491C9300EEC1AB /* Quiz */,
			);
			path = Features;
			sourceTree = "<group>";
		};
		A40535B223491C8000EEC1AB /* Models */ = {
			isa = PBXGroup;
			children = (
				A4C197AF234960ED003253F4 /* RightWords.swift */,
			);
			path = Models;
			sourceTree = "<group>";
		};
		A40535B323491C9300EEC1AB /* Quiz */ = {
			isa = PBXGroup;
			children = (
				A40535B623491CB500EEC1AB /* ViewController */,
				A40535B523491CAC00EEC1AB /* ViewModel */,
				A40535B423491CA200EEC1AB /* View */,
			);
			path = Quiz;
			sourceTree = "<group>";
		};
		A40535B423491CA200EEC1AB /* View */ = {
			isa = PBXGroup;
			children = (
				A4059A8623483132007C04A4 /* Main.storyboard */,
			);
			path = View;
			sourceTree = "<group>";
		};
		A40535B523491CAC00EEC1AB /* ViewModel */ = {
			isa = PBXGroup;
			children = (
				A4C197BA23496D2A003253F4 /* QuizViewModel.swift */,
			);
			path = ViewModel;
			sourceTree = "<group>";
		};
		A40535B623491CB500EEC1AB /* ViewController */ = {
			isa = PBXGroup;
			children = (
				A4059A8423483132007C04A4 /* ViewController.swift */,
			);
			path = ViewController;
			sourceTree = "<group>";
		};
		A4059A7423483132007C04A4 = {
			isa = PBXGroup;
			children = (
				A4059A7F23483132007C04A4 /* Quiz_Challenge */,
				A4059A7E23483132007C04A4 /* Products */,
			);
			sourceTree = "<group>";
		};
		A4059A7E23483132007C04A4 /* Products */ = {
			isa = PBXGroup;
			children = (
				A4059A7D23483132007C04A4 /* Quiz_Challenge.app */,
			);
			name = Products;
			sourceTree = "<group>";
		};
		A4059A7F23483132007C04A4 /* Quiz_Challenge */ = {
			isa = PBXGroup;
			children = (
				A40535B223491C8000EEC1AB /* Models */,
				A40535B123491C5300EEC1AB /* Features */,
				A40535B023491C3B00EEC1AB /* DataSource */,
				A4059A8023483132007C04A4 /* AppDelegate.swift */,
				A4059A8223483132007C04A4 /* SceneDelegate.swift */,
				A4059A8923483132007C04A4 /* Assets.xcassets */,
				A4059A8B23483132007C04A4 /* LaunchScreen.storyboard */,
				A4059A8E23483132007C04A4 /* Info.plist */,
				A4C197B823496852003253F4 /* RuntimeError.swift */,
			);
			path = Quiz_Challenge;
			sourceTree = "<group>";
		};
		A4C197B1234962C0003253F4 /* Source */ = {
			isa = PBXGroup;
			children = (
				A4C197B2234962D7003253F4 /* Remote */,
			);
			path = Source;
			sourceTree = "<group>";
		};
		A4C197B2234962D7003253F4 /* Remote */ = {
			isa = PBXGroup;
			children = (
				A4C197B32349630F003253F4 /* Models */,
				A4C197B6234963A4003253F4 /* QuizRemoteDataSource.swift */,
			);
			path = Remote;
			sourceTree = "<group>";
		};
		A4C197B32349630F003253F4 /* Models */ = {
			isa = PBXGroup;
			children = (
				A4C197B423496335003253F4 /* RightWordsResponse.swift */,
			);
			path = Models;
			sourceTree = "<group>";
		};
/* End PBXGroup section */

/* Begin PBXNativeTarget section */
		A4059A7C23483132007C04A4 /* Quiz_Challenge */ = {
			isa = PBXNativeTarget;
			buildConfigurationList = A4059A9123483132007C04A4 /* Build configuration list for PBXNativeTarget "Quiz_Challenge" */;
			buildPhases = (
				A4059A7923483132007C04A4 /* Sources */,
				A4059A7A23483132007C04A4 /* Frameworks */,
				A4059A7B23483132007C04A4 /* Resources */,
			);
			buildRules = (
			);
			dependencies = (
			);
			name = Quiz_Challenge;
			productName = Quiz_Challenge;
			productReference = A4059A7D23483132007C04A4 /* Quiz_Challenge.app */;
			productType = "com.apple.product-type.application";
		};
/* End PBXNativeTarget section */

/* Begin PBXProject section */
		A4059A7523483132007C04A4 /* Project object */ = {
			isa = PBXProject;
			attributes = {
				LastSwiftUpdateCheck = 1100;
				LastUpgradeCheck = 1100;
				ORGANIZATIONNAME = "Rafael Martins";
				TargetAttributes = {
					A4059A7C23483132007C04A4 = {
						CreatedOnToolsVersion = 11.0;
					};
				};
			};
			buildConfigurationList = A4059A7823483132007C04A4 /* Build configuration list for PBXProject "Quiz_Challenge" */;
			compatibilityVersion = "Xcode 9.3";
			developmentRegion = en;
			hasScannedForEncodings = 0;
			knownRegions = (
				en,
				Base,
			);
			mainGroup = A4059A7423483132007C04A4;
			productRefGroup = A4059A7E23483132007C04A4 /* Products */;
			projectDirPath = "";
			projectRoot = "";
			targets = (
				A4059A7C23483132007C04A4 /* Quiz_Challenge */,
			);
		};
/* End PBXProject section */

/* Begin PBXResourcesBuildPhase section */
		A4059A7B23483132007C04A4 /* Resources */ = {
			isa = PBXResourcesBuildPhase;
			buildActionMask = 2147483647;
			files = (
				A4059A8D23483132007C04A4 /* LaunchScreen.storyboard in Resources */,
				A4059A8A23483132007C04A4 /* Assets.xcassets in Resources */,
				A4059A8823483132007C04A4 /* Main.storyboard in Resources */,
			);
			runOnlyForDeploymentPostprocessing = 0;
		};
/* End PBXResourcesBuildPhase section */

/* Begin PBXSourcesBuildPhase section */
		A4059A7923483132007C04A4 /* Sources */ = {
			isa = PBXSourcesBuildPhase;
			buildActionMask = 2147483647;
			files = (
				A4059A8523483132007C04A4 /* ViewController.swift in Sources */,
				A4059A8123483132007C04A4 /* AppDelegate.swift in Sources */,
				A4059A8323483132007C04A4 /* SceneDelegate.swift in Sources */,
				A4C197BB23496D2A003253F4 /* QuizViewModel.swift in Sources */,
				A4C197B923496852003253F4 /* RuntimeError.swift in Sources */,
				A4C197AC23496004003253F4 /* QuizDataSource.swift in Sources */,
				A4C197B0234960ED003253F4 /* RightWords.swift in Sources */,
				A4C197B7234963A4003253F4 /* QuizRemoteDataSource.swift in Sources */,
				A4C197AE2349607A003253F4 /* QuizRepository.swift in Sources */,
				A4C197B523496335003253F4 /* RightWordsResponse.swift in Sources */,
			);
			runOnlyForDeploymentPostprocessing = 0;
		};
/* End PBXSourcesBuildPhase section */

/* Begin PBXVariantGroup section */
		A4059A8623483132007C04A4 /* Main.storyboard */ = {
			isa = PBXVariantGroup;
			children = (
				A4059A8723483132007C04A4 /* Base */,
			);
			name = Main.storyboard;
			sourceTree = "<group>";
		};
		A4059A8B23483132007C04A4 /* LaunchScreen.storyboard */ = {
			isa = PBXVariantGroup;
			children = (
				A4059A8C23483132007C04A4 /* Base */,
			);
			name = LaunchScreen.storyboard;
			sourceTree = "<group>";
		};
/* End PBXVariantGroup section */

/* Begin XCBuildConfiguration section */
		A4059A8F23483132007C04A4 /* Debug */ = {
			isa = XCBuildConfiguration;
			buildSettings = {
				ALWAYS_SEARCH_USER_PATHS = NO;
				CLANG_ANALYZER_NONNULL = YES;
				CLANG_ANALYZER_NUMBER_OBJECT_CONVERSION = YES_AGGRESSIVE;
				CLANG_CXX_LANGUAGE_STANDARD = "gnu++14";
				CLANG_CXX_LIBRARY = "libc++";
				CLANG_ENABLE_MODULES = YES;
				CLANG_ENABLE_OBJC_ARC = YES;
				CLANG_ENABLE_OBJC_WEAK = YES;
				CLANG_WARN_BLOCK_CAPTURE_AUTORELEASING = YES;
				CLANG_WARN_BOOL_CONVERSION = YES;
				CLANG_WARN_COMMA = YES;
				CLANG_WARN_CONSTANT_CONVERSION = YES;
				CLANG_WARN_DEPRECATED_OBJC_IMPLEMENTATIONS = YES;
				CLANG_WARN_DIRECT_OBJC_ISA_USAGE = YES_ERROR;
				CLANG_WARN_DOCUMENTATION_COMMENTS = YES;
				CLANG_WARN_EMPTY_BODY = YES;
				CLANG_WARN_ENUM_CONVERSION = YES;
				CLANG_WARN_INFINITE_RECURSION = YES;
				CLANG_WARN_INT_CONVERSION = YES;
				CLANG_WARN_NON_LITERAL_NULL_CONVERSION = YES;
				CLANG_WARN_OBJC_IMPLICIT_RETAIN_SELF = YES;
				CLANG_WARN_OBJC_LITERAL_CONVERSION = YES;
				CLANG_WARN_OBJC_ROOT_CLASS = YES_ERROR;
				CLANG_WARN_RANGE_LOOP_ANALYSIS = YES;
				CLANG_WARN_STRICT_PROTOTYPES = YES;
				CLANG_WARN_SUSPICIOUS_MOVE = YES;
				CLANG_WARN_UNGUARDED_AVAILABILITY = YES_AGGRESSIVE;
				CLANG_WARN_UNREACHABLE_CODE = YES;
				CLANG_WARN__DUPLICATE_METHOD_MATCH = YES;
				COPY_PHASE_STRIP = NO;
				DEBUG_INFORMATION_FORMAT = dwarf;
				ENABLE_STRICT_OBJC_MSGSEND = YES;
				ENABLE_TESTABILITY = YES;
				GCC_C_LANGUAGE_STANDARD = gnu11;
				GCC_DYNAMIC_NO_PIC = NO;
				GCC_NO_COMMON_BLOCKS = YES;
				GCC_OPTIMIZATION_LEVEL = 0;
				GCC_PREPROCESSOR_DEFINITIONS = (
					"DEBUG=1",
					"$(inherited)",
				);
				GCC_WARN_64_TO_32_BIT_CONVERSION = YES;
				GCC_WARN_ABOUT_RETURN_TYPE = YES_ERROR;
				GCC_WARN_UNDECLARED_SELECTOR = YES;
				GCC_WARN_UNINITIALIZED_AUTOS = YES_AGGRESSIVE;
				GCC_WARN_UNUSED_FUNCTION = YES;
				GCC_WARN_UNUSED_VARIABLE = YES;
				IPHONEOS_DEPLOYMENT_TARGET = 13.0;
				MTL_ENABLE_DEBUG_INFO = INCLUDE_SOURCE;
				MTL_FAST_MATH = YES;
				ONLY_ACTIVE_ARCH = YES;
				SDKROOT = iphoneos;
				SWIFT_ACTIVE_COMPILATION_CONDITIONS = DEBUG;
				SWIFT_OPTIMIZATION_LEVEL = "-Onone";
			};
			name = Debug;
		};
		A4059A9023483132007C04A4 /* Release */ = {
			isa = XCBuildConfiguration;
			buildSettings = {
				ALWAYS_SEARCH_USER_PATHS = NO;
				CLANG_ANALYZER_NONNULL = YES;
				CLANG_ANALYZER_NUMBER_OBJECT_CONVERSION = YES_AGGRESSIVE;
				CLANG_CXX_LANGUAGE_STANDARD = "gnu++14";
				CLANG_CXX_LIBRARY = "libc++";
				CLANG_ENABLE_MODULES = YES;
				CLANG_ENABLE_OBJC_ARC = YES;
				CLANG_ENABLE_OBJC_WEAK = YES;
				CLANG_WARN_BLOCK_CAPTURE_AUTORELEASING = YES;
				CLANG_WARN_BOOL_CONVERSION = YES;
				CLANG_WARN_COMMA = YES;
				CLANG_WARN_CONSTANT_CONVERSION = YES;
				CLANG_WARN_DEPRECATED_OBJC_IMPLEMENTATIONS = YES;
				CLANG_WARN_DIRECT_OBJC_ISA_USAGE = YES_ERROR;
				CLANG_WARN_DOCUMENTATION_COMMENTS = YES;
				CLANG_WARN_EMPTY_BODY = YES;
				CLANG_WARN_ENUM_CONVERSION = YES;
				CLANG_WARN_INFINITE_RECURSION = YES;
				CLANG_WARN_INT_CONVERSION = YES;
				CLANG_WARN_NON_LITERAL_NULL_CONVERSION = YES;
				CLANG_WARN_OBJC_IMPLICIT_RETAIN_SELF = YES;
				CLANG_WARN_OBJC_LITERAL_CONVERSION = YES;
				CLANG_WARN_OBJC_ROOT_CLASS = YES_ERROR;
				CLANG_WARN_RANGE_LOOP_ANALYSIS = YES;
				CLANG_WARN_STRICT_PROTOTYPES = YES;
				CLANG_WARN_SUSPICIOUS_MOVE = YES;
				CLANG_WARN_UNGUARDED_AVAILABILITY = YES_AGGRESSIVE;
				CLANG_WARN_UNREACHABLE_CODE = YES;
				CLANG_WARN__DUPLICATE_METHOD_MATCH = YES;
				COPY_PHASE_STRIP = NO;
				DEBUG_INFORMATION_FORMAT = "dwarf-with-dsym";
				ENABLE_NS_ASSERTIONS = NO;
				ENABLE_STRICT_OBJC_MSGSEND = YES;
				GCC_C_LANGUAGE_STANDARD = gnu11;
				GCC_NO_COMMON_BLOCKS = YES;
				GCC_WARN_64_TO_32_BIT_CONVERSION = YES;
				GCC_WARN_ABOUT_RETURN_TYPE = YES_ERROR;
				GCC_WARN_UNDECLARED_SELECTOR = YES;
				GCC_WARN_UNINITIALIZED_AUTOS = YES_AGGRESSIVE;
				GCC_WARN_UNUSED_FUNCTION = YES;
				GCC_WARN_UNUSED_VARIABLE = YES;
				IPHONEOS_DEPLOYMENT_TARGET = 13.0;
				MTL_ENABLE_DEBUG_INFO = NO;
				MTL_FAST_MATH = YES;
				SDKROOT = iphoneos;
				SWIFT_COMPILATION_MODE = wholemodule;
				SWIFT_OPTIMIZATION_LEVEL = "-O";
				VALIDATE_PRODUCT = YES;
			};
			name = Release;
		};
		A4059A9223483132007C04A4 /* Debug */ = {
			isa = XCBuildConfiguration;
			buildSettings = {
				ASSETCATALOG_COMPILER_APPICON_NAME = AppIcon;
				CODE_SIGN_STYLE = Automatic;
				INFOPLIST_FILE = Quiz_Challenge/Info.plist;
				LD_RUNPATH_SEARCH_PATHS = (
					"$(inherited)",
					"@executable_path/Frameworks",
				);
				PRODUCT_BUNDLE_IDENTIFIER = "com.rafaelMartins.Quiz-Challenge";
				PRODUCT_NAME = "$(TARGET_NAME)";
				SWIFT_VERSION = 5.0;
				TARGETED_DEVICE_FAMILY = "1,2";
			};
			name = Debug;
		};
		A4059A9323483132007C04A4 /* Release */ = {
			isa = XCBuildConfiguration;
			buildSettings = {
				ASSETCATALOG_COMPILER_APPICON_NAME = AppIcon;
				CODE_SIGN_STYLE = Automatic;
				INFOPLIST_FILE = Quiz_Challenge/Info.plist;
				LD_RUNPATH_SEARCH_PATHS = (
					"$(inherited)",
					"@executable_path/Frameworks",
				);
				PRODUCT_BUNDLE_IDENTIFIER = "com.rafaelMartins.Quiz-Challenge";
				PRODUCT_NAME = "$(TARGET_NAME)";
				SWIFT_VERSION = 5.0;
				TARGETED_DEVICE_FAMILY = "1,2";
			};
			name = Release;
		};
/* End XCBuildConfiguration section */

/* Begin XCConfigurationList section */
		A4059A7823483132007C04A4 /* Build configuration list for PBXProject "Quiz_Challenge" */ = {
			isa = XCConfigurationList;
			buildConfigurations = (
				A4059A8F23483132007C04A4 /* Debug */,
				A4059A9023483132007C04A4 /* Release */,
			);
			defaultConfigurationIsVisible = 0;
			defaultConfigurationName = Release;
		};
		A4059A9123483132007C04A4 /* Build configuration list for PBXNativeTarget "Quiz_Challenge" */ = {
			isa = XCConfigurationList;
			buildConfigurations = (
				A4059A9223483132007C04A4 /* Debug */,
				A4059A9323483132007C04A4 /* Release */,
			);
			defaultConfigurationIsVisible = 0;
			defaultConfigurationName = Release;
		};
/* End XCConfigurationList section */
	};
	rootObject = A4059A7523483132007C04A4 /* Project object */;
}
